
Microsoft Visual Studio Solution File, Format Version 12.00
# Visual Studio 15
VisualStudioVersion = 15.0.27004.2005
MinimumVisualStudioVersion = 10.0.40219.1
Project("{FAE04EC0-301F-11D3-BF4B-00C04F79EFBC}") = "TrabalhoGB", "TrabalhoGB\TrabalhoGB.csproj", "{51A5D1F8-D229-4020-ADF2-D1FA66F5BCBF}"
EndProject
Project("{FAE04EC0-301F-11D3-BF4B-00C04F79EFBC}") = "TrabalhoGB.Dominio", "TrabalhoGB.Dominio\TrabalhoGB.Dominio.csproj", "{701DA539-4866-461F-A172-136C2E5E9B63}"
EndProject
Global
	GlobalSection(SolutionConfigurationPlatforms) = preSolution
		Debug|Any CPU = Debug|Any CPU
		Release|Any CPU = Release|Any CPU
	EndGlobalSection
	GlobalSection(ProjectConfigurationPlatforms) = postSolution
		{51A5D1F8-D229-4020-ADF2-D1FA66F5BCBF}.Debug|Any CPU.ActiveCfg = Debug|Any CPU
		{51A5D1F8-D229-4020-ADF2-D1FA66F5BCBF}.Debug|Any CPU.Build.0 = Debug|Any CPU
		{51A5D1F8-D229-4020-ADF2-D1FA66F5BCBF}.Release|Any CPU.ActiveCfg = Release|Any CPU
		{51A5D1F8-D229-4020-ADF2-D1FA66F5BCBF}.Release|Any CPU.Build.0 = Release|Any CPU
		{701DA539-4866-461F-A172-136C2E5E9B63}.Debug|Any CPU.ActiveCfg = Debug|Any CPU
		{701DA539-4866-461F-A172-136C2E5E9B63}.Debug|Any CPU.Build.0 = Debug|Any CPU
		{701DA539-4866-461F-A172-136C2E5E9B63}.Release|Any CPU.ActiveCfg = Release|Any CPU
		{701DA539-4866-461F-A172-136C2E5E9B63}.Release|Any CPU.Build.0 = Release|Any CPU
	EndGlobalSection
	GlobalSection(SolutionProperties) = preSolution
		HideSolutionNode = FALSE
	EndGlobalSection
	GlobalSection(ExtensibilityGlobals) = postSolution
		SolutionGuid = {F7122521-66A8-44CF-A6B2-CC10D4FA919C}
	EndGlobalSection
EndGlobal
